{
    "name": "@loupeteam/librarybuilderproject",
    "version": "0.2.0",
    "lockfileVersion": 3,
    "requires": true,
    "packages": {
        "": {
            "name": "@loupeteam/librarybuilderproject",
            "version": "0.2.0",
            "license": "MIT",
            "dependencies": {
                "@loupeteam/librarybuilderproject": "^0.3.0",
                "@loupeteam/saferemote": "^0.1.1"
            }
        },
        "node_modules/@loupeteam/librarybuilderproject": {
            "version": "0.3.0",
            "resolved": "https://npm.pkg.github.com/download/@loupeteam/librarybuilderproject/0.3.0/9c3c1fc98350439d618573f3b465d94e3ae1e000",
            "integrity": "sha512-kUOwhpPoqQ1DikLGFBH3c8+nsb28ayX2IpQRC0UaEg34cV4GrRoI0FvkSovc3tgrGohpyvxFPRy5C6TM5wj7JA==",
            "license": "MIT"
        },
        "node_modules/@loupeteam/saferemote": {
            "version": "0.1.1",
            "resolved": "https://npm.pkg.github.com/download/@loupeteam/saferemote/0.1.1/92296521e90fd3b542203131859c1050e6b678da",
            "integrity": "sha512-nctXcbIIH3lOW9uAgKmLjn/FRSLLkWeKK6d2CkzGVw1IpRv4apGzIf1wuvIB/+xaiPxZGhzcr4c6j8k0TKauRg==",
            "license": "Loupe Software License Agreement"
        }
    }
}
